// !$*UTF8*$!
{
	archiveVersion = 1;
	classes = {
	};
	objectVersion = 50;
	objects = {

/* Begin PBXBuildFile section */
		BB4DF4C224E0642A007E3EBA /* AppDelegate.swift in Sources */ = {isa = PBXBuildFile; fileRef = BB4DF4C124E0642A007E3EBA /* AppDelegate.swift */; };
		BB4DF4C424E0642A007E3EBA /* ContentView.swift in Sources */ = {isa = PBXBuildFile; fileRef = BB4DF4C324E0642A007E3EBA /* ContentView.swift */; };
		BB4DF4C624E0642C007E3EBA /* Assets.xcassets in Resources */ = {isa = PBXBuildFile; fileRef = BB4DF4C524E0642C007E3EBA /* Assets.xcassets */; };
		BB4DF4C924E0642C007E3EBA /* Preview Assets.xcassets in Resources */ = {isa = PBXBuildFile; fileRef = BB4DF4C824E0642C007E3EBA /* Preview Assets.xcassets */; };
		BB4DF4CC24E0642C007E3EBA /* Main.storyboard in Resources */ = {isa = PBXBuildFile; fileRef = BB4DF4CA24E0642C007E3EBA /* Main.storyboard */; };
		BB4DF4E524E06E92007E3EBA /* AudioKitUI.framework in Frameworks */ = {isa = PBXBuildFile; fileRef = BB4DF4E324E06E92007E3EBA /* AudioKitUI.framework */; };
		BB4DF4E624E06E92007E3EBA /* AudioKitUI.framework in Embed Frameworks */ = {isa = PBXBuildFile; fileRef = BB4DF4E324E06E92007E3EBA /* AudioKitUI.framework */; settings = {ATTRIBUTES = (CodeSignOnCopy, RemoveHeadersOnCopy, ); }; };
		BB4DF4E724E06E92007E3EBA /* AudioKit.framework in Frameworks */ = {isa = PBXBuildFile; fileRef = BB4DF4E424E06E92007E3EBA /* AudioKit.framework */; };
		BB4DF4E824E06E92007E3EBA /* AudioKit.framework in Embed Frameworks */ = {isa = PBXBuildFile; fileRef = BB4DF4E424E06E92007E3EBA /* AudioKit.framework */; settings = {ATTRIBUTES = (CodeSignOnCopy, RemoveHeadersOnCopy, ); }; };
/* End PBXBuildFile section */

/* Begin PBXCopyFilesBuildPhase section */
		BB4DF4DB24E06DEE007E3EBA /* Embed Frameworks */ = {
			isa = PBXCopyFilesBuildPhase;
			buildActionMask = 2147483647;
			dstPath = "";
			dstSubfolderSpec = 10;
			files = (
				BB4DF4E824E06E92007E3EBA /* AudioKit.framework in Embed Frameworks */,
				BB4DF4E624E06E92007E3EBA /* AudioKitUI.framework in Embed Frameworks */,
			);
			name = "Embed Frameworks";
			runOnlyForDeploymentPostprocessing = 0;
		};
/* End PBXCopyFilesBuildPhase section */

/* Begin PBXFileReference section */
		BB4DF4BE24E0642A007E3EBA /* AKPianoVisualizer.app */ = {isa = PBXFileReference; explicitFileType = wrapper.application; includeInIndex = 0; path = AKPianoVisualizer.app; sourceTree = BUILT_PRODUCTS_DIR; };
		BB4DF4C124E0642A007E3EBA /* AppDelegate.swift */ = {isa = PBXFileReference; lastKnownFileType = sourcecode.swift; path = AppDelegate.swift; sourceTree = "<group>"; };
		BB4DF4C324E0642A007E3EBA /* ContentView.swift */ = {isa = PBXFileReference; lastKnownFileType = sourcecode.swift; path = ContentView.swift; sourceTree = "<group>"; };
		BB4DF4C524E0642C007E3EBA /* Assets.xcassets */ = {isa = PBXFileReference; lastKnownFileType = folder.assetcatalog; path = Assets.xcassets; sourceTree = "<group>"; };
		BB4DF4C824E0642C007E3EBA /* Preview Assets.xcassets */ = {isa = PBXFileReference; lastKnownFileType = folder.assetcatalog; path = "Preview Assets.xcassets"; sourceTree = "<group>"; };
		BB4DF4CB24E0642C007E3EBA /* Base */ = {isa = PBXFileReference; lastKnownFileType = file.storyboard; name = Base; path = Base.lproj/Main.storyboard; sourceTree = "<group>"; };
		BB4DF4CD24E0642C007E3EBA /* Info.plist */ = {isa = PBXFileReference; lastKnownFileType = text.plist.xml; path = Info.plist; sourceTree = "<group>"; };
		BB4DF4CE24E0642C007E3EBA /* AKPianoVisualizer.entitlements */ = {isa = PBXFileReference; lastKnownFileType = text.plist.entitlements; path = AKPianoVisualizer.entitlements; sourceTree = "<group>"; };
		BB4DF4E324E06E92007E3EBA /* AudioKitUI.framework */ = {isa = PBXFileReference; lastKnownFileType = wrapper.framework; name = AudioKitUI.framework; path = "../AudioKit-macOS/AudioKitUI.framework"; sourceTree = "<group>"; };
		BB4DF4E424E06E92007E3EBA /* AudioKit.framework */ = {isa = PBXFileReference; lastKnownFileType = wrapper.framework; name = AudioKit.framework; path = "../AudioKit-macOS/AudioKit.framework"; sourceTree = "<group>"; };
/* End PBXFileReference section */

/* Begin PBXFrameworksBuildPhase section */
		BB4DF4BB24E0642A007E3EBA /* Frameworks */ = {
			isa = PBXFrameworksBuildPhase;
			buildActionMask = 2147483647;
			files = (
				BB4DF4E724E06E92007E3EBA /* AudioKit.framework in Frameworks */,
				BB4DF4E524E06E92007E3EBA /* AudioKitUI.framework in Frameworks */,
			);
			runOnlyForDeploymentPostprocessing = 0;
		};
/* End PBXFrameworksBuildPhase section */

/* Begin PBXGroup section */
		BB4DF4B524E0642A007E3EBA = {
			isa = PBXGroup;
			children = (
				BB4DF4C024E0642A007E3EBA /* AKPianoVisualizer */,
				BB4DF4BF24E0642A007E3EBA /* Products */,
				BB4DF4D424E06D0C007E3EBA /* Frameworks */,
			);
			sourceTree = "<group>";
		};
		BB4DF4BF24E0642A007E3EBA /* Products */ = {
			isa = PBXGroup;
			children = (
				BB4DF4BE24E0642A007E3EBA /* AKPianoVisualizer.app */,
			);
			name = Products;
			sourceTree = "<group>";
		};
		BB4DF4C024E0642A007E3EBA /* AKPianoVisualizer */ = {
			isa = PBXGroup;
			children = (
				BB4DF4C124E0642A007E3EBA /* AppDelegate.swift */,
				BB4DF4C324E0642A007E3EBA /* ContentView.swift */,
				BB4DF4C524E0642C007E3EBA /* Assets.xcassets */,
				BB4DF4CA24E0642C007E3EBA /* Main.storyboard */,
				BB4DF4CD24E0642C007E3EBA /* Info.plist */,
				BB4DF4CE24E0642C007E3EBA /* AKPianoVisualizer.entitlements */,
				BB4DF4C724E0642C007E3EBA /* Preview Content */,
			);
			path = AKPianoVisualizer;
			sourceTree = "<group>";
		};
		BB4DF4C724E0642C007E3EBA /* Preview Content */ = {
			isa = PBXGroup;
			children = (
				BB4DF4C824E0642C007E3EBA /* Preview Assets.xcassets */,
			);
			path = "Preview Content";
			sourceTree = "<group>";
		};
		BB4DF4D424E06D0C007E3EBA /* Frameworks */ = {
			isa = PBXGroup;
			children = (
				BB4DF4E424E06E92007E3EBA /* AudioKit.framework */,
				BB4DF4E324E06E92007E3EBA /* AudioKitUI.framework */,
			);
			name = Frameworks;
			sourceTree = "<group>";
		};
/* End PBXGroup section */

/* Begin PBXNativeTarget section */
		BB4DF4BD24E0642A007E3EBA /* AKPianoVisualizer */ = {
			isa = PBXNativeTarget;
			buildConfigurationList = BB4DF4D124E0642C007E3EBA /* Build configuration list for PBXNativeTarget "AKPianoVisualizer" */;
			buildPhases = (
				BB4DF4BA24E0642A007E3EBA /* Sources */,
				BB4DF4BB24E0642A007E3EBA /* Frameworks */,
				BB4DF4BC24E0642A007E3EBA /* Resources */,
				BB4DF4DB24E06DEE007E3EBA /* Embed Frameworks */,
			);
			buildRules = (
			);
			dependencies = (
			);
			name = AKPianoVisualizer;
			productName = AKPianoVisualizer;
			productReference = BB4DF4BE24E0642A007E3EBA /* AKPianoVisualizer.app */;
			productType = "com.apple.product-type.application";
		};
/* End PBXNativeTarget section */

/* Begin PBXProject section */
		BB4DF4B624E0642A007E3EBA /* Project object */ = {
			isa = PBXProject;
			attributes = {
				LastSwiftUpdateCheck = 1160;
				LastUpgradeCheck = 1160;
				ORGANIZATIONNAME = "Cale Wolf";
				TargetAttributes = {
					BB4DF4BD24E0642A007E3EBA = {
						CreatedOnToolsVersion = 11.6;
					};
				};
			};
			buildConfigurationList = BB4DF4B924E0642A007E3EBA /* Build configuration list for PBXProject "AKPianoVisualizer" */;
			compatibilityVersion = "Xcode 9.3";
			developmentRegion = en;
			hasScannedForEncodings = 0;
			knownRegions = (
				en,
				Base,
			);
			mainGroup = BB4DF4B524E0642A007E3EBA;
			productRefGroup = BB4DF4BF24E0642A007E3EBA /* Products */;
			projectDirPath = "";
			projectRoot = "";
			targets = (
				BB4DF4BD24E0642A007E3EBA /* AKPianoVisualizer */,
			);
		};
/* End PBXProject section */

/* Begin PBXResourcesBuildPhase section */
		BB4DF4BC24E0642A007E3EBA /* Resources */ = {
			isa = PBXResourcesBuildPhase;
			buildActionMask = 2147483647;
			files = (
				BB4DF4CC24E0642C007E3EBA /* Main.storyboard in Resources */,
				BB4DF4C924E0642C007E3EBA /* Preview Assets.xcassets in Resources */,
				BB4DF4C624E0642C007E3EBA /* Assets.xcassets in Resources */,
			);
			runOnlyForDeploymentPostprocessing = 0;
		};
/* End PBXResourcesBuildPhase section */

/* Begin PBXSourcesBuildPhase section */
		BB4DF4BA24E0642A007E3EBA /* Sources */ = {
			isa = PBXSourcesBuildPhase;
			buildActionMask = 2147483647;
			files = (
				BB4DF4C424E0642A007E3EBA /* ContentView.swift in Sources */,
				BB4DF4C224E0642A007E3EBA /* AppDelegate.swift in Sources */,
			);
			runOnlyForDeploymentPostprocessing = 0;
		};
/* End PBXSourcesBuildPhase section */

/* Begin PBXVariantGroup section */
		BB4DF4CA24E0642C007E3EBA /* Main.storyboard */ = {
			isa = PBXVariantGroup;
			children = (
				BB4DF4CB24E0642C007E3EBA /* Base */,
			);
			name = Main.storyboard;
			sourceTree = "<group>";
		};
/* End PBXVariantGroup section */

/* Begin XCBuildConfiguration section */
		BB4DF4CF24E0642C007E3EBA /* Debug */ = {
			isa = XCBuildConfiguration;
			buildSettings = {
				ALWAYS_SEARCH_USER_PATHS = NO;
				CLANG_ANALYZER_NONNULL = YES;
				CLANG_ANALYZER_NUMBER_OBJECT_CONVERSION = YES_AGGRESSIVE;
				CLANG_CXX_LANGUAGE_STANDARD = "gnu++14";
				CLANG_CXX_LIBRARY = "libc++";
				CLANG_ENABLE_MODULES = YES;
				CLANG_ENABLE_OBJC_ARC = YES;
				CLANG_ENABLE_OBJC_WEAK = YES;
				CLANG_WARN_BLOCK_CAPTURE_AUTORELEASING = YES;
				CLANG_WARN_BOOL_CONVERSION = YES;
				CLANG_WARN_COMMA = YES;
				CLANG_WARN_CONSTANT_CONVERSION = YES;
				CLANG_WARN_DEPRECATED_OBJC_IMPLEMENTATIONS = YES;
				CLANG_WARN_DIRECT_OBJC_ISA_USAGE = YES_ERROR;
				CLANG_WARN_DOCUMENTATION_COMMENTS = YES;
				CLANG_WARN_EMPTY_BODY = YES;
				CLANG_WARN_ENUM_CONVERSION = YES;
				CLANG_WARN_INFINITE_RECURSION = YES;
				CLANG_WARN_INT_CONVERSION = YES;
				CLANG_WARN_NON_LITERAL_NULL_CONVERSION = YES;
				CLANG_WARN_OBJC_IMPLICIT_RETAIN_SELF = YES;
				CLANG_WARN_OBJC_LITERAL_CONVERSION = YES;
				CLANG_WARN_OBJC_ROOT_CLASS = YES_ERROR;
				CLANG_WARN_RANGE_LOOP_ANALYSIS = YES;
				CLANG_WARN_STRICT_PROTOTYPES = YES;
				CLANG_WARN_SUSPICIOUS_MOVE = YES;
				CLANG_WARN_UNGUARDED_AVAILABILITY = YES_AGGRESSIVE;
				CLANG_WARN_UNREACHABLE_CODE = YES;
				CLANG_WARN__DUPLICATE_METHOD_MATCH = YES;
				COPY_PHASE_STRIP = NO;
				DEBUG_INFORMATION_FORMAT = dwarf;
				ENABLE_STRICT_OBJC_MSGSEND = YES;
				ENABLE_TESTABILITY = YES;
				GCC_C_LANGUAGE_STANDARD = gnu11;
				GCC_DYNAMIC_NO_PIC = NO;
				GCC_NO_COMMON_BLOCKS = YES;
				GCC_OPTIMIZATION_LEVEL = 0;
				GCC_PREPROCESSOR_DEFINITIONS = (
					"DEBUG=1",
					"$(inherited)",
				);
				GCC_WARN_64_TO_32_BIT_CONVERSION = YES;
				GCC_WARN_ABOUT_RETURN_TYPE = YES_ERROR;
				GCC_WARN_UNDECLARED_SELECTOR = YES;
				GCC_WARN_UNINITIALIZED_AUTOS = YES_AGGRESSIVE;
				GCC_WARN_UNUSED_FUNCTION = YES;
				GCC_WARN_UNUSED_VARIABLE = YES;
				MACOSX_DEPLOYMENT_TARGET = 10.15;
				MTL_ENABLE_DEBUG_INFO = INCLUDE_SOURCE;
				MTL_FAST_MATH = YES;
				ONLY_ACTIVE_ARCH = YES;
				SDKROOT = macosx;
				SWIFT_ACTIVE_COMPILATION_CONDITIONS = DEBUG;
				SWIFT_OPTIMIZATION_LEVEL = "-Onone";
			};
			name = Debug;
		};
		BB4DF4D024E0642C007E3EBA /* Release */ = {
			isa = XCBuildConfiguration;
			buildSettings = {
				ALWAYS_SEARCH_USER_PATHS = NO;
				CLANG_ANALYZER_NONNULL = YES;
				CLANG_ANALYZER_NUMBER_OBJECT_CONVERSION = YES_AGGRESSIVE;
				CLANG_CXX_LANGUAGE_STANDARD = "gnu++14";
				CLANG_CXX_LIBRARY = "libc++";
				CLANG_ENABLE_MODULES = YES;
				CLANG_ENABLE_OBJC_ARC = YES;
				CLANG_ENABLE_OBJC_WEAK = YES;
				CLANG_WARN_BLOCK_CAPTURE_AUTORELEASING = YES;
				CLANG_WARN_BOOL_CONVERSION = YES;
				CLANG_WARN_COMMA = YES;
				CLANG_WARN_CONSTANT_CONVERSION = YES;
				CLANG_WARN_DEPRECATED_OBJC_IMPLEMENTATIONS = YES;
				CLANG_WARN_DIRECT_OBJC_ISA_USAGE = YES_ERROR;
				CLANG_WARN_DOCUMENTATION_COMMENTS = YES;
				CLANG_WARN_EMPTY_BODY = YES;
				CLANG_WARN_ENUM_CONVERSION = YES;
				CLANG_WARN_INFINITE_RECURSION = YES;
				CLANG_WARN_INT_CONVERSION = YES;
				CLANG_WARN_NON_LITERAL_NULL_CONVERSION = YES;
				CLANG_WARN_OBJC_IMPLICIT_RETAIN_SELF = YES;
				CLANG_WARN_OBJC_LITERAL_CONVERSION = YES;
				CLANG_WARN_OBJC_ROOT_CLASS = YES_ERROR;
				CLANG_WARN_RANGE_LOOP_ANALYSIS = YES;
				CLANG_WARN_STRICT_PROTOTYPES = YES;
				CLANG_WARN_SUSPICIOUS_MOVE = YES;
				CLANG_WARN_UNGUARDED_AVAILABILITY = YES_AGGRESSIVE;
				CLANG_WARN_UNREACHABLE_CODE = YES;
				CLANG_WARN__DUPLICATE_METHOD_MATCH = YES;
				COPY_PHASE_STRIP = NO;
				DEBUG_INFORMATION_FORMAT = "dwarf-with-dsym";
				ENABLE_NS_ASSERTIONS = NO;
				ENABLE_STRICT_OBJC_MSGSEND = YES;
				GCC_C_LANGUAGE_STANDARD = gnu11;
				GCC_NO_COMMON_BLOCKS = YES;
				GCC_WARN_64_TO_32_BIT_CONVERSION = YES;
				GCC_WARN_ABOUT_RETURN_TYPE = YES_ERROR;
				GCC_WARN_UNDECLARED_SELECTOR = YES;
				GCC_WARN_UNINITIALIZED_AUTOS = YES_AGGRESSIVE;
				GCC_WARN_UNUSED_FUNCTION = YES;
				GCC_WARN_UNUSED_VARIABLE = YES;
				MACOSX_DEPLOYMENT_TARGET = 10.15;
				MTL_ENABLE_DEBUG_INFO = NO;
				MTL_FAST_MATH = YES;
				SDKROOT = macosx;
				SWIFT_COMPILATION_MODE = wholemodule;
				SWIFT_OPTIMIZATION_LEVEL = "-O";
			};
			name = Release;
		};
		BB4DF4D224E0642C007E3EBA /* Debug */ = {
			isa = XCBuildConfiguration;
			buildSettings = {
				ASSETCATALOG_COMPILER_APPICON_NAME = AppIcon;
				CODE_SIGN_ENTITLEMENTS = AKPianoVisualizer/AKPianoVisualizer.entitlements;
				CODE_SIGN_STYLE = Automatic;
				COMBINE_HIDPI_IMAGES = YES;
				DEVELOPMENT_ASSET_PATHS = "\"AKPianoVisualizer/Preview Content\"";
				DEVELOPMENT_TEAM = DAQJYF9GL8;
				ENABLE_HARDENED_RUNTIME = YES;
				ENABLE_PREVIEWS = YES;
				FRAMEWORK_SEARCH_PATHS = (
					"$(inherited)",
					"$(PROJECT_DIR)/AKPianoVisualizer",
				);
				INFOPLIST_FILE = AKPianoVisualizer/Info.plist;
				LD_RUNPATH_SEARCH_PATHS = (
					"$(inherited)",
					"@executable_path/../Frameworks",
				);
				MACOSX_DEPLOYMENT_TARGET = 10.15;
				OTHER_LDFLAGS = "-lc++";
				PRODUCT_BUNDLE_IDENTIFIER = com.calewolf.AKPianoVisualizer;
				PRODUCT_NAME = "$(TARGET_NAME)";
				SWIFT_VERSION = 5.0;
			};
			name = Debug;
		};
		BB4DF4D324E0642C007E3EBA /* Release */ = {
			isa = XCBuildConfiguration;
			buildSettings = {
				ASSETCATALOG_COMPILER_APPICON_NAME = AppIcon;
				CODE_SIGN_ENTITLEMENTS = AKPianoVisualizer/AKPianoVisualizer.entitlements;
				CODE_SIGN_STYLE = Automatic;
				COMBINE_HIDPI_IMAGES = YES;
				DEVELOPMENT_ASSET_PATHS = "\"AKPianoVisualizer/Preview Content\"";
				DEVELOPMENT_TEAM = DAQJYF9GL8;
				ENABLE_HARDENED_RUNTIME = YES;
				ENABLE_PREVIEWS = YES;
				FRAMEWORK_SEARCH_PATHS = (
					"$(inherited)",
					"$(PROJECT_DIR)/AKPianoVisualizer",
				);
				INFOPLIST_FILE = AKPianoVisualizer/Info.plist;
				LD_RUNPATH_SEARCH_PATHS = (
					"$(inherited)",
					"@executable_path/../Frameworks",
				);
				MACOSX_DEPLOYMENT_TARGET = 10.15;
				OTHER_LDFLAGS = "-lc++";
				PRODUCT_BUNDLE_IDENTIFIER = com.calewolf.AKPianoVisualizer;
				PRODUCT_NAME = "$(TARGET_NAME)";
				SWIFT_VERSION = 5.0;
			};
			name = Release;
		};
/* End XCBuildConfiguration section */

/* Begin XCConfigurationList section */
		BB4DF4B924E0642A007E3EBA /* Build configuration list for PBXProject "AKPianoVisualizer" */ = {
			isa = XCConfigurationList;
			buildConfigurations = (
				BB4DF4CF24E0642C007E3EBA /* Debug */,
				BB4DF4D024E0642C007E3EBA /* Release */,
			);
			defaultConfigurationIsVisible = 0;
			defaultConfigurationName = Release;
		};
		BB4DF4D124E0642C007E3EBA /* Build configuration list for PBXNativeTarget "AKPianoVisualizer" */ = {
			isa = XCConfigurationList;
			buildConfigurations = (
				BB4DF4D224E0642C007E3EBA /* Debug */,
				BB4DF4D324E0642C007E3EBA /* Release */,
			);
			defaultConfigurationIsVisible = 0;
			defaultConfigurationName = Release;
		};
/* End XCConfigurationList section */
	};
	rootObject = BB4DF4B624E0642A007E3EBA /* Project object */;
}
